
Microsoft Visual Studio Solution File, Format Version 11.00
# Visual Studio 2010
Project("{FAE04EC0-301F-11D3-BF4B-00C04F79EFBC}") = "UnityEngine.UI", "UnityEngine.UI.csproj", "{3bd37c9e-2e67-cce2-151b-7781fd6ab376}"
EndProject
Project("{FAE04EC0-301F-11D3-BF4B-00C04F79EFBC}") = "Assembly-CSharp", "Assembly-CSharp.csproj", "{29fc57c9-384d-9b92-1983-b674e763422d}"
EndProject
Project("{FAE04EC0-301F-11D3-BF4B-00C04F79EFBC}") = "Assembly-CSharp-firstpass", "Assembly-CSharp-firstpass.csproj", "{4c587733-b411-9588-67be-4a9c4a10a48c}"
EndProject
Project("{FAE04EC0-301F-11D3-BF4B-00C04F79EFBC}") = "UnityEditor.UI", "UnityEditor.UI.csproj", "{2752d8a8-a8e4-08e9-2454-ed10e933c418}"
EndProject
Project("{FAE04EC0-301F-11D3-BF4B-00C04F79EFBC}") = "UnityEngine.UI.Tests", "UnityEngine.UI.Tests.csproj", "{a4263c91-3b06-a5c4-e07f-706d322c39de}"
EndProject
Project("{FAE04EC0-301F-11D3-BF4B-00C04F79EFBC}") = "UnityEditor.UI.EditorTests", "UnityEditor.UI.EditorTests.csproj", "{ed6afe12-0883-8f65-8e7b-148766df7c8f}"
EndProject
Global
	GlobalSection(SolutionConfigurationPlatforms) = preSolution
		Debug|Any CPU = Debug|Any CPU
	EndGlobalSection
	GlobalSection(ProjectConfigurationPlatforms) = postSolution
		{3bd37c9e-2e67-cce2-151b-7781fd6ab376}.Debug|Any CPU.ActiveCfg = Debug|Any CPU
		{3bd37c9e-2e67-cce2-151b-7781fd6ab376}.Debug|Any CPU.Build.0 = Debug|Any CPU
		{29fc57c9-384d-9b92-1983-b674e763422d}.Debug|Any CPU.ActiveCfg = Debug|Any CPU
		{29fc57c9-384d-9b92-1983-b674e763422d}.Debug|Any CPU.Build.0 = Debug|Any CPU
		{4c587733-b411-9588-67be-4a9c4a10a48c}.Debug|Any CPU.ActiveCfg = Debug|Any CPU
		{4c587733-b411-9588-67be-4a9c4a10a48c}.Debug|Any CPU.Build.0 = Debug|Any CPU
		{2752d8a8-a8e4-08e9-2454-ed10e933c418}.Debug|Any CPU.ActiveCfg = Debug|Any CPU
		{2752d8a8-a8e4-08e9-2454-ed10e933c418}.Debug|Any CPU.Build.0 = Debug|Any CPU
		{a4263c91-3b06-a5c4-e07f-706d322c39de}.Debug|Any CPU.ActiveCfg = Debug|Any CPU
		{a4263c91-3b06-a5c4-e07f-706d322c39de}.Debug|Any CPU.Build.0 = Debug|Any CPU
		{ed6afe12-0883-8f65-8e7b-148766df7c8f}.Debug|Any CPU.ActiveCfg = Debug|Any CPU
		{ed6afe12-0883-8f65-8e7b-148766df7c8f}.Debug|Any CPU.Build.0 = Debug|Any CPU
	EndGlobalSection
	GlobalSection(SolutionProperties) = preSolution
		HideSolutionNode = FALSE
	EndGlobalSection
EndGlobal
